// !$*UTF8*$!
{
	archiveVersion = 1;
	classes = {
	};
	objectVersion = 55;
	objects = {

/* Begin PBXBuildFile section */
		18965D9D2731C3E400510C2B /* AppDelegate.swift in Sources */ = {isa = PBXBuildFile; fileRef = 18965D9C2731C3E400510C2B /* AppDelegate.swift */; };
		18965D9F2731C3E400510C2B /* SceneDelegate.swift in Sources */ = {isa = PBXBuildFile; fileRef = 18965D9E2731C3E400510C2B /* SceneDelegate.swift */; };
		18965DA42731C3E400510C2B /* Main.storyboard in Resources */ = {isa = PBXBuildFile; fileRef = 18965DA22731C3E400510C2B /* Main.storyboard */; };
		18965DA62731C3E800510C2B /* Assets.xcassets in Resources */ = {isa = PBXBuildFile; fileRef = 18965DA52731C3E800510C2B /* Assets.xcassets */; };
		18965DA92731C3E800510C2B /* LaunchScreen.storyboard in Resources */ = {isa = PBXBuildFile; fileRef = 18965DA72731C3E800510C2B /* LaunchScreen.storyboard */; };
		18C6A87527320D3B00929F90 /* FavoriVC.swift in Sources */ = {isa = PBXBuildFile; fileRef = 18C6A87427320D3B00929F90 /* FavoriVC.swift */; };
		18D5EE102731C816008654FD /* Api.swift in Sources */ = {isa = PBXBuildFile; fileRef = 18D5EE0F2731C816008654FD /* Api.swift */; };
		18D5EE122731C82E008654FD /* ListVC.swift in Sources */ = {isa = PBXBuildFile; fileRef = 18D5EE112731C82E008654FD /* ListVC.swift */; };
		18D5EE142731C83D008654FD /* ListVCCell.swift in Sources */ = {isa = PBXBuildFile; fileRef = 18D5EE132731C83D008654FD /* ListVCCell.swift */; };
		18D5EE162731C862008654FD /* ListDetayVC.swift in Sources */ = {isa = PBXBuildFile; fileRef = 18D5EE152731C862008654FD /* ListDetayVC.swift */; };
		18D5EE182731C86B008654FD /* FavoriTVC.swift in Sources */ = {isa = PBXBuildFile; fileRef = 18D5EE172731C86B008654FD /* FavoriTVC.swift */; };
		18F8B47C2732A2080083207D /* TabBarC.swift in Sources */ = {isa = PBXBuildFile; fileRef = 18F8B47B2732A2070083207D /* TabBarC.swift */; };
/* End PBXBuildFile section */

/* Begin PBXFileReference section */
		18965D992731C3E400510C2B /* Movies.app */ = {isa = PBXFileReference; explicitFileType = wrapper.application; includeInIndex = 0; path = Movies.app; sourceTree = BUILT_PRODUCTS_DIR; };
		18965D9C2731C3E400510C2B /* AppDelegate.swift */ = {isa = PBXFileReference; lastKnownFileType = sourcecode.swift; path = AppDelegate.swift; sourceTree = "<group>"; };
		18965D9E2731C3E400510C2B /* SceneDelegate.swift */ = {isa = PBXFileReference; lastKnownFileType = sourcecode.swift; path = SceneDelegate.swift; sourceTree = "<group>"; };
		18965DA32731C3E400510C2B /* Base */ = {isa = PBXFileReference; lastKnownFileType = file.storyboard; name = Base; path = Base.lproj/Main.storyboard; sourceTree = "<group>"; };
		18965DA52731C3E800510C2B /* Assets.xcassets */ = {isa = PBXFileReference; lastKnownFileType = folder.assetcatalog; path = Assets.xcassets; sourceTree = "<group>"; };
		18965DA82731C3E800510C2B /* Base */ = {isa = PBXFileReference; lastKnownFileType = file.storyboard; name = Base; path = Base.lproj/LaunchScreen.storyboard; sourceTree = "<group>"; };
		18965DAA2731C3E800510C2B /* Info.plist */ = {isa = PBXFileReference; lastKnownFileType = text.plist.xml; path = Info.plist; sourceTree = "<group>"; };
		18C6A87427320D3B00929F90 /* FavoriVC.swift */ = {isa = PBXFileReference; lastKnownFileType = sourcecode.swift; path = FavoriVC.swift; sourceTree = "<group>"; };
		18D5EE0F2731C816008654FD /* Api.swift */ = {isa = PBXFileReference; fileEncoding = 4; lastKnownFileType = sourcecode.swift; path = Api.swift; sourceTree = "<group>"; };
		18D5EE112731C82E008654FD /* ListVC.swift */ = {isa = PBXFileReference; fileEncoding = 4; lastKnownFileType = sourcecode.swift; path = ListVC.swift; sourceTree = "<group>"; };
		18D5EE132731C83D008654FD /* ListVCCell.swift */ = {isa = PBXFileReference; fileEncoding = 4; lastKnownFileType = sourcecode.swift; path = ListVCCell.swift; sourceTree = "<group>"; };
		18D5EE152731C862008654FD /* ListDetayVC.swift */ = {isa = PBXFileReference; fileEncoding = 4; lastKnownFileType = sourcecode.swift; path = ListDetayVC.swift; sourceTree = "<group>"; };
		18D5EE172731C86B008654FD /* FavoriTVC.swift */ = {isa = PBXFileReference; fileEncoding = 4; lastKnownFileType = sourcecode.swift; path = FavoriTVC.swift; sourceTree = "<group>"; };
		18F8B47B2732A2070083207D /* TabBarC.swift */ = {isa = PBXFileReference; lastKnownFileType = sourcecode.swift; path = TabBarC.swift; sourceTree = "<group>"; };
/* End PBXFileReference section */

/* Begin PBXFrameworksBuildPhase section */
		18965D962731C3E400510C2B /* Frameworks */ = {
			isa = PBXFrameworksBuildPhase;
			buildActionMask = 2147483647;
			files = (
			);
			runOnlyForDeploymentPostprocessing = 0;
		};
/* End PBXFrameworksBuildPhase section */

/* Begin PBXGroup section */
		18965D902731C3E400510C2B = {
			isa = PBXGroup;
			children = (
				18965D9B2731C3E400510C2B /* Movies */,
				18965D9A2731C3E400510C2B /* Products */,
				277D6CEF45886CF51B0E93C9 /* Pods */,
			);
			sourceTree = "<group>";
		};
		18965D9A2731C3E400510C2B /* Products */ = {
			isa = PBXGroup;
			children = (
				18965D992731C3E400510C2B /* Movies.app */,
			);
			name = Products;
			sourceTree = "<group>";
		};
		18965D9B2731C3E400510C2B /* Movies */ = {
			isa = PBXGroup;
			children = (
				18965D9C2731C3E400510C2B /* AppDelegate.swift */,
				18965D9E2731C3E400510C2B /* SceneDelegate.swift */,
				18965DA22731C3E400510C2B /* Main.storyboard */,
				18D5EE0F2731C816008654FD /* Api.swift */,
				18D5EE112731C82E008654FD /* ListVC.swift */,
				18D5EE132731C83D008654FD /* ListVCCell.swift */,
				18D5EE152731C862008654FD /* ListDetayVC.swift */,
				18D5EE172731C86B008654FD /* FavoriTVC.swift */,
				18C6A87427320D3B00929F90 /* FavoriVC.swift */,
				18F8B47B2732A2070083207D /* TabBarC.swift */,
				18965DA52731C3E800510C2B /* Assets.xcassets */,
				18965DA72731C3E800510C2B /* LaunchScreen.storyboard */,
				18965DAA2731C3E800510C2B /* Info.plist */,
			);
			path = Movies;
			sourceTree = "<group>";
		};
		277D6CEF45886CF51B0E93C9 /* Pods */ = {
			isa = PBXGroup;
			children = (
			);
			path = Pods;
			sourceTree = "<group>";
		};
/* End PBXGroup section */

/* Begin PBXNativeTarget section */
		18965D982731C3E400510C2B /* Movies */ = {
			isa = PBXNativeTarget;
			buildConfigurationList = 18965DAD2731C3E800510C2B /* Build configuration list for PBXNativeTarget "Movies" */;
			buildPhases = (
				18965D952731C3E400510C2B /* Sources */,
				18965D962731C3E400510C2B /* Frameworks */,
				18965D972731C3E400510C2B /* Resources */,
			);
			buildRules = (
			);
			dependencies = (
			);
			name = Movies;
			productName = Movies;
			productReference = 18965D992731C3E400510C2B /* Movies.app */;
			productType = "com.apple.product-type.application";
		};
/* End PBXNativeTarget section */

/* Begin PBXProject section */
		18965D912731C3E400510C2B /* Project object */ = {
			isa = PBXProject;
			attributes = {
				BuildIndependentTargetsInParallel = 1;
				LastSwiftUpdateCheck = 1310;
				LastUpgradeCheck = 1310;
				TargetAttributes = {
					18965D982731C3E400510C2B = {
						CreatedOnToolsVersion = 13.1;
					};
				};
			};
			buildConfigurationList = 18965D942731C3E400510C2B /* Build configuration list for PBXProject "Movies" */;
			compatibilityVersion = "Xcode 13.0";
			developmentRegion = en;
			hasScannedForEncodings = 0;
			knownRegions = (
				en,
				Base,
			);
			mainGroup = 18965D902731C3E400510C2B;
			productRefGroup = 18965D9A2731C3E400510C2B /* Products */;
			projectDirPath = "";
			projectRoot = "";
			targets = (
				18965D982731C3E400510C2B /* Movies */,
			);
		};
/* End PBXProject section */

/* Begin PBXResourcesBuildPhase section */
		18965D972731C3E400510C2B /* Resources */ = {
			isa = PBXResourcesBuildPhase;
			buildActionMask = 2147483647;
			files = (
				18965DA92731C3E800510C2B /* LaunchScreen.storyboard in Resources */,
				18965DA62731C3E800510C2B /* Assets.xcassets in Resources */,
				18965DA42731C3E400510C2B /* Main.storyboard in Resources */,
			);
			runOnlyForDeploymentPostprocessing = 0;
		};
/* End PBXResourcesBuildPhase section */

/* Begin PBXSourcesBuildPhase section */
		18965D952731C3E400510C2B /* Sources */ = {
			isa = PBXSourcesBuildPhase;
			buildActionMask = 2147483647;
			files = (
				18D5EE182731C86B008654FD /* FavoriTVC.swift in Sources */,
				18F8B47C2732A2080083207D /* TabBarC.swift in Sources */,
				18C6A87527320D3B00929F90 /* FavoriVC.swift in Sources */,
				18D5EE102731C816008654FD /* Api.swift in Sources */,
				18D5EE122731C82E008654FD /* ListVC.swift in Sources */,
				18D5EE162731C862008654FD /* ListDetayVC.swift in Sources */,
				18D5EE142731C83D008654FD /* ListVCCell.swift in Sources */,
				18965D9D2731C3E400510C2B /* AppDelegate.swift in Sources */,
				18965D9F2731C3E400510C2B /* SceneDelegate.swift in Sources */,
			);
			runOnlyForDeploymentPostprocessing = 0;
		};
/* End PBXSourcesBuildPhase section */

/* Begin PBXVariantGroup section */
		18965DA22731C3E400510C2B /* Main.storyboard */ = {
			isa = PBXVariantGroup;
			children = (
				18965DA32731C3E400510C2B /* Base */,
			);
			name = Main.storyboard;
			sourceTree = "<group>";
		};
		18965DA72731C3E800510C2B /* LaunchScreen.storyboard */ = {
			isa = PBXVariantGroup;
			children = (
				18965DA82731C3E800510C2B /* Base */,
			);
			name = LaunchScreen.storyboard;
			sourceTree = "<group>";
		};
/* End PBXVariantGroup section */

/* Begin XCBuildConfiguration section */
		18965DAB2731C3E800510C2B /* Debug */ = {
			isa = XCBuildConfiguration;
			buildSettings = {
				ALWAYS_SEARCH_USER_PATHS = NO;
				CLANG_ANALYZER_NONNULL = YES;
				CLANG_ANALYZER_NUMBER_OBJECT_CONVERSION = YES_AGGRESSIVE;
				CLANG_CXX_LANGUAGE_STANDARD = "gnu++17";
				CLANG_CXX_LIBRARY = "libc++";
				CLANG_ENABLE_MODULES = YES;
				CLANG_ENABLE_OBJC_ARC = YES;
				CLANG_ENABLE_OBJC_WEAK = YES;
				CLANG_WARN_BLOCK_CAPTURE_AUTORELEASING = YES;
				CLANG_WARN_BOOL_CONVERSION = YES;
				CLANG_WARN_COMMA = YES;
				CLANG_WARN_CONSTANT_CONVERSION = YES;
				CLANG_WARN_DEPRECATED_OBJC_IMPLEMENTATIONS = YES;
				CLANG_WARN_DIRECT_OBJC_ISA_USAGE = YES_ERROR;
				CLANG_WARN_DOCUMENTATION_COMMENTS = YES;
				CLANG_WARN_EMPTY_BODY = YES;
				CLANG_WARN_ENUM_CONVERSION = YES;
				CLANG_WARN_INFINITE_RECURSION = YES;
				CLANG_WARN_INT_CONVERSION = YES;
				CLANG_WARN_NON_LITERAL_NULL_CONVERSION = YES;
				CLANG_WARN_OBJC_IMPLICIT_RETAIN_SELF = YES;
				CLANG_WARN_OBJC_LITERAL_CONVERSION = YES;
				CLANG_WARN_OBJC_ROOT_CLASS = YES_ERROR;
				CLANG_WARN_QUOTED_INCLUDE_IN_FRAMEWORK_HEADER = YES;
				CLANG_WARN_RANGE_LOOP_ANALYSIS = YES;
				CLANG_WARN_STRICT_PROTOTYPES = YES;
				CLANG_WARN_SUSPICIOUS_MOVE = YES;
				CLANG_WARN_UNGUARDED_AVAILABILITY = YES_AGGRESSIVE;
				CLANG_WARN_UNREACHABLE_CODE = YES;
				CLANG_WARN__DUPLICATE_METHOD_MATCH = YES;
				COPY_PHASE_STRIP = NO;
				DEBUG_INFORMATION_FORMAT = dwarf;
				ENABLE_STRICT_OBJC_MSGSEND = YES;
				ENABLE_TESTABILITY = YES;
				GCC_C_LANGUAGE_STANDARD = gnu11;
				GCC_DYNAMIC_NO_PIC = NO;
				GCC_NO_COMMON_BLOCKS = YES;
				GCC_OPTIMIZATION_LEVEL = 0;
				GCC_PREPROCESSOR_DEFINITIONS = (
					"DEBUG=1",
					"$(inherited)",
				);
				GCC_WARN_64_TO_32_BIT_CONVERSION = YES;
				GCC_WARN_ABOUT_RETURN_TYPE = YES_ERROR;
				GCC_WARN_UNDECLARED_SELECTOR = YES;
				GCC_WARN_UNINITIALIZED_AUTOS = YES_AGGRESSIVE;
				GCC_WARN_UNUSED_FUNCTION = YES;
				GCC_WARN_UNUSED_VARIABLE = YES;
				IPHONEOS_DEPLOYMENT_TARGET = 15.0;
				MTL_ENABLE_DEBUG_INFO = INCLUDE_SOURCE;
				MTL_FAST_MATH = YES;
				ONLY_ACTIVE_ARCH = YES;
				SDKROOT = iphoneos;
				SWIFT_ACTIVE_COMPILATION_CONDITIONS = DEBUG;
				SWIFT_OPTIMIZATION_LEVEL = "-Onone";
			};
			name = Debug;
		};
		18965DAC2731C3E800510C2B /* Release */ = {
			isa = XCBuildConfiguration;
			buildSettings = {
				ALWAYS_SEARCH_USER_PATHS = NO;
				CLANG_ANALYZER_NONNULL = YES;
				CLANG_ANALYZER_NUMBER_OBJECT_CONVERSION = YES_AGGRESSIVE;
				CLANG_CXX_LANGUAGE_STANDARD = "gnu++17";
				CLANG_CXX_LIBRARY = "libc++";
				CLANG_ENABLE_MODULES = YES;
				CLANG_ENABLE_OBJC_ARC = YES;
				CLANG_ENABLE_OBJC_WEAK = YES;
				CLANG_WARN_BLOCK_CAPTURE_AUTORELEASING = YES;
				CLANG_WARN_BOOL_CONVERSION = YES;
				CLANG_WARN_COMMA = YES;
				CLANG_WARN_CONSTANT_CONVERSION = YES;
				CLANG_WARN_DEPRECATED_OBJC_IMPLEMENTATIONS = YES;
				CLANG_WARN_DIRECT_OBJC_ISA_USAGE = YES_ERROR;
				CLANG_WARN_DOCUMENTATION_COMMENTS = YES;
				CLANG_WARN_EMPTY_BODY = YES;
				CLANG_WARN_ENUM_CONVERSION = YES;
				CLANG_WARN_INFINITE_RECURSION = YES;
				CLANG_WARN_INT_CONVERSION = YES;
				CLANG_WARN_NON_LITERAL_NULL_CONVERSION = YES;
				CLANG_WARN_OBJC_IMPLICIT_RETAIN_SELF = YES;
				CLANG_WARN_OBJC_LITERAL_CONVERSION = YES;
				CLANG_WARN_OBJC_ROOT_CLASS = YES_ERROR;
				CLANG_WARN_QUOTED_INCLUDE_IN_FRAMEWORK_HEADER = YES;
				CLANG_WARN_RANGE_LOOP_ANALYSIS = YES;
				CLANG_WARN_STRICT_PROTOTYPES = YES;
				CLANG_WARN_SUSPICIOUS_MOVE = YES;
				CLANG_WARN_UNGUARDED_AVAILABILITY = YES_AGGRESSIVE;
				CLANG_WARN_UNREACHABLE_CODE = YES;
				CLANG_WARN__DUPLICATE_METHOD_MATCH = YES;
				COPY_PHASE_STRIP = NO;
				DEBUG_INFORMATION_FORMAT = "dwarf-with-dsym";
				ENABLE_NS_ASSERTIONS = NO;
				ENABLE_STRICT_OBJC_MSGSEND = YES;
				GCC_C_LANGUAGE_STANDARD = gnu11;
				GCC_NO_COMMON_BLOCKS = YES;
				GCC_WARN_64_TO_32_BIT_CONVERSION = YES;
				GCC_WARN_ABOUT_RETURN_TYPE = YES_ERROR;
				GCC_WARN_UNDECLARED_SELECTOR = YES;
				GCC_WARN_UNINITIALIZED_AUTOS = YES_AGGRESSIVE;
				GCC_WARN_UNUSED_FUNCTION = YES;
				GCC_WARN_UNUSED_VARIABLE = YES;
				IPHONEOS_DEPLOYMENT_TARGET = 15.0;
				MTL_ENABLE_DEBUG_INFO = NO;
				MTL_FAST_MATH = YES;
				SDKROOT = iphoneos;
				SWIFT_COMPILATION_MODE = wholemodule;
				SWIFT_OPTIMIZATION_LEVEL = "-O";
				VALIDATE_PRODUCT = YES;
			};
			name = Release;
		};
		18965DAE2731C3E800510C2B /* Debug */ = {
			isa = XCBuildConfiguration;
			buildSettings = {
				ASSETCATALOG_COMPILER_APPICON_NAME = AppIcon;
				ASSETCATALOG_COMPILER_GLOBAL_ACCENT_COLOR_NAME = AccentColor;
				CODE_SIGN_STYLE = Automatic;
				CURRENT_PROJECT_VERSION = 1;
				DEVELOPMENT_TEAM = GQZ969BN59;
				GENERATE_INFOPLIST_FILE = YES;
				INFOPLIST_FILE = Movies/Info.plist;
				INFOPLIST_KEY_UIApplicationSupportsIndirectInputEvents = YES;
				INFOPLIST_KEY_UILaunchStoryboardName = LaunchScreen;
				INFOPLIST_KEY_UIMainStoryboardFile = Main;
				INFOPLIST_KEY_UISupportedInterfaceOrientations = UIInterfaceOrientationPortrait;
				INFOPLIST_KEY_UISupportedInterfaceOrientations_iPad = "UIInterfaceOrientationPortrait UIInterfaceOrientationPortraitUpsideDown UIInterfaceOrientationLandscapeLeft UIInterfaceOrientationLandscapeRight";
				INFOPLIST_KEY_UISupportedInterfaceOrientations_iPhone = "UIInterfaceOrientationPortrait UIInterfaceOrientationLandscapeLeft UIInterfaceOrientationLandscapeRight";
				LD_RUNPATH_SEARCH_PATHS = (
					"$(inherited)",
					"@executable_path/Frameworks",
				);
				MARKETING_VERSION = 1.0;
				PRODUCT_BUNDLE_IDENTIFIER = edabarutcu;
				PRODUCT_NAME = "$(TARGET_NAME)";
				SWIFT_EMIT_LOC_STRINGS = YES;
				SWIFT_VERSION = 5.0;
				TARGETED_DEVICE_FAMILY = 1;
			};
			name = Debug;
		};
		18965DAF2731C3E800510C2B /* Release */ = {
			isa = XCBuildConfiguration;
			buildSettings = {
				ASSETCATALOG_COMPILER_APPICON_NAME = AppIcon;
				ASSETCATALOG_COMPILER_GLOBAL_ACCENT_COLOR_NAME = AccentColor;
				CODE_SIGN_STYLE = Automatic;
				CURRENT_PROJECT_VERSION = 1;
				DEVELOPMENT_TEAM = GQZ969BN59;
				GENERATE_INFOPLIST_FILE = YES;
				INFOPLIST_FILE = Movies/Info.plist;
				INFOPLIST_KEY_UIApplicationSupportsIndirectInputEvents = YES;
				INFOPLIST_KEY_UILaunchStoryboardName = LaunchScreen;
				INFOPLIST_KEY_UIMainStoryboardFile = Main;
				INFOPLIST_KEY_UISupportedInterfaceOrientations = UIInterfaceOrientationPortrait;
				INFOPLIST_KEY_UISupportedInterfaceOrientations_iPad = "UIInterfaceOrientationPortrait UIInterfaceOrientationPortraitUpsideDown UIInterfaceOrientationLandscapeLeft UIInterfaceOrientationLandscapeRight";
				INFOPLIST_KEY_UISupportedInterfaceOrientations_iPhone = "UIInterfaceOrientationPortrait UIInterfaceOrientationLandscapeLeft UIInterfaceOrientationLandscapeRight";
				LD_RUNPATH_SEARCH_PATHS = (
					"$(inherited)",
					"@executable_path/Frameworks",
				);
				MARKETING_VERSION = 1.0;
				PRODUCT_BUNDLE_IDENTIFIER = edabarutcu;
				PRODUCT_NAME = "$(TARGET_NAME)";
				SWIFT_EMIT_LOC_STRINGS = YES;
				SWIFT_VERSION = 5.0;
				TARGETED_DEVICE_FAMILY = 1;
			};
			name = Release;
		};
/* End XCBuildConfiguration section */

/* Begin XCConfigurationList section */
		18965D942731C3E400510C2B /* Build configuration list for PBXProject "Movies" */ = {
			isa = XCConfigurationList;
			buildConfigurations = (
				18965DAB2731C3E800510C2B /* Debug */,
				18965DAC2731C3E800510C2B /* Release */,
			);
			defaultConfigurationIsVisible = 0;
			defaultConfigurationName = Release;
		};
		18965DAD2731C3E800510C2B /* Build configuration list for PBXNativeTarget "Movies" */ = {
			isa = XCConfigurationList;
			buildConfigurations = (
				18965DAE2731C3E800510C2B /* Debug */,
				18965DAF2731C3E800510C2B /* Release */,
			);
			defaultConfigurationIsVisible = 0;
			defaultConfigurationName = Release;
		};
/* End XCConfigurationList section */
	};
	rootObject = 18965D912731C3E400510C2B /* Project object */;
}
